{
  "version": 1,
  "dependencies": {
    "net8.0": {
      "Azure.Monitor.OpenTelemetry.AspNetCore": {
        "type": "Direct",
        "requested": "[1.2.0, )",
        "resolved": "1.2.0",
        "contentHash": "DQuzRMHuleTDxLg6hGjJAy2IsvPspT+DeM+gpDIhBe2CG/FWqH5+zUxs7/LbCh7yXB8/bOEj4+Z+/H5ABCy1Kg==",
        "dependencies": {
          "Azure.Core": "1.40.0",
          "Azure.Monitor.OpenTelemetry.Exporter": "1.3.0",
          "OpenTelemetry.Extensions.Hosting": "1.8.1",
          "OpenTelemetry.Instrumentation.AspNetCore": "1.8.1",
          "OpenTelemetry.Instrumentation.Http": "1.8.1"
        }
      },
      "Microsoft.EntityFrameworkCore": {
        "type": "Direct",
        "requested": "[9.0.0-preview.7.24405.3, )",
        "resolved": "9.0.0-preview.7.24405.3",
        "contentHash": "cAyK5crHl1R+5SHSOgvyFt1rA7uLnGPkJMnAQ+t6cTN3Idc/XdJtfhs6vSvIKf9BbiZ7YQ4hGthQfaCiswTDeQ==",
        "dependencies": {
          "Microsoft.EntityFrameworkCore.Abstractions": "9.0.0-preview.7.24405.3",
          "Microsoft.EntityFrameworkCore.Analyzers": "9.0.0-preview.7.24405.3",
          "Microsoft.Extensions.Caching.Memory": "9.0.0-preview.7.24405.7",
          "Microsoft.Extensions.Logging": "9.0.0-preview.7.24405.7"
        }
      },
      "Microsoft.EntityFrameworkCore.Design": {
        "type": "Direct",
        "requested": "[9.0.0-preview.7.24405.3, )",
        "resolved": "9.0.0-preview.7.24405.3",
        "contentHash": "3WYdheQoW0o8+Lgxf1vO1R2rMffVfWTHRdR8SiYd7CM4COKPA/ZhruBWlDat2gq9UD/WZnEQGHqg7B1YI2WA4w==",
        "dependencies": {
          "Humanizer.Core": "2.14.1",
          "Microsoft.Build.Locator": "1.5.5",
          "Microsoft.CodeAnalysis.CSharp.Workspaces": "4.8.0",
          "Microsoft.CodeAnalysis.Workspaces.MSBuild": "4.8.0",
          "Microsoft.EntityFrameworkCore.Relational": "9.0.0-preview.7.24405.3",
          "Microsoft.Extensions.DependencyModel": "9.0.0-preview.7.24405.7",
          "Mono.TextTemplating": "3.0.0-preview-0052-g5d0f76c785"
        }
      },
      "Microsoft.EntityFrameworkCore.SqlServer": {
        "type": "Direct",
        "requested": "[9.0.0-preview.7.24405.3, )",
        "resolved": "9.0.0-preview.7.24405.3",
        "contentHash": "IN2boEqlxxidsQB8LtTauYXzzbfzuS3BCzN2Ra9hrA8tmCaYFGO4yv+sI7mTRVmNdirt5HNaOF0HotrGSxcvKQ==",
        "dependencies": {
          "Microsoft.Data.SqlClient": "5.2.1",
          "Microsoft.EntityFrameworkCore.Relational": "9.0.0-preview.7.24405.3"
        }
      },
      "Microsoft.EntityFrameworkCore.Tools": {
        "type": "Direct",
        "requested": "[9.0.0-preview.7.24405.3, )",
        "resolved": "9.0.0-preview.7.24405.3",
        "contentHash": "wQ+hvQhRjXOtXPT6U2CS6OUaFYMDABuBC9aIiUFm3SAw4zCpkeUTBC7KIS8IpEEu2fpTOlTYrg451yZW5JYvKQ==",
        "dependencies": {
          "Microsoft.EntityFrameworkCore.Design": "9.0.0-preview.7.24405.3"
        }
      },
      "Microsoft.Extensions.DependencyInjection": {
        "type": "Direct",
        "requested": "[9.0.0-preview.7.24405.7, )",
        "resolved": "9.0.0-preview.7.24405.7",
        "contentHash": "nTJRKADZrhKrSq/tzJSDr8Vidm6qe4XyACvneTJ+4W3Jq1U+Tlf5RMlqhalvfikLz+q6s+nF+ipPjRxxkY4VCQ==",
        "dependencies": {
          "Microsoft.Extensions.DependencyInjection.Abstractions": "9.0.0-preview.7.24405.7"
        }
      },
      "Swashbuckle.AspNetCore": {
        "type": "Direct",
        "requested": "[6.4.0, )",
        "resolved": "6.4.0",
        "contentHash": "eUBr4TW0up6oKDA5Xwkul289uqSMgY0xGN4pnbOIBqCcN9VKGGaPvHX3vWaG/hvocfGDP+MGzMA0bBBKz2fkmQ==",
        "dependencies": {
          "Microsoft.Extensions.ApiDescription.Server": "6.0.5",
          "Swashbuckle.AspNetCore.Swagger": "6.4.0",
          "Swashbuckle.AspNetCore.SwaggerGen": "6.4.0",
          "Swashbuckle.AspNetCore.SwaggerUI": "6.4.0"
        }
      },
      "Azure.Core": {
        "type": "Transitive",
        "resolved": "1.40.0",
        "contentHash": "eOx6wk3kQ3SCnoAj7IytAu/d99l07PdarmUc+RmMkVOTkcQ3s+UQEaGzMyEqC2Ua4SKnOW4Xw/klLeB5V2PiSA==",
        "dependencies": {
          "Microsoft.Bcl.AsyncInterfaces": "1.1.1",
          "System.ClientModel": "1.0.0",
          "System.Diagnostics.DiagnosticSource": "6.0.1",
          "System.Memory.Data": "1.0.2",
          "System.Numerics.Vectors": "4.5.0",
          "System.Text.Encodings.Web": "4.7.2",
          "System.Text.Json": "4.7.2",
          "System.Threading.Tasks.Extensions": "4.5.4"
        }
      },
      "Azure.Identity": {
        "type": "Transitive",
        "resolved": "1.11.3",
        "contentHash": "4EsGMAr+oog5UqHs46qwA7S/lJiwpXjPBY3t9tQBmJ8nsgmT/LLnrc32eiTlfOdfKxUz4fxBD2YjSnVZacu97w==",
        "dependencies": {
          "Azure.Core": "1.38.0",
          "Microsoft.Identity.Client": "4.60.3",
          "Microsoft.Identity.Client.Extensions.Msal": "4.60.3",
          "System.Memory": "4.5.4",
          "System.Security.Cryptography.ProtectedData": "4.7.0",
          "System.Text.Json": "4.7.2",
          "System.Threading.Tasks.Extensions": "4.5.4"
        }
      },
      "Azure.Monitor.OpenTelemetry.Exporter": {
        "type": "Transitive",
        "resolved": "1.3.0",
        "contentHash": "sduxx5YHiEGh+O7vEa0Zp01/6lxdzc2hEROK9GZJ4pQV7oMv2TwyIFHDR040xcNHhYkNNgY6StwVNLH9/SM5Og==",
        "dependencies": {
          "Azure.Core": "1.40.0",
          "OpenTelemetry": "1.8.1",
          "OpenTelemetry.PersistentStorage.FileSystem": "1.0.0"
        }
      },
      "Humanizer.Core": {
        "type": "Transitive",
        "resolved": "2.14.1",
        "contentHash": "lQKvtaTDOXnoVJ20ibTuSIOf2i0uO0MPbDhd1jm238I+U/2ZnRENj0cktKZhtchBMtCUSRQ5v4xBCUbKNmyVMw=="
      },
      "Microsoft.Bcl.AsyncInterfaces": {
        "type": "Transitive",
        "resolved": "7.0.0",
        "contentHash": "3aeMZ1N0lJoSyzqiP03hqemtb1BijhsJADdobn/4nsMJ8V1H+CrpuduUe4hlRdx+ikBQju1VGjMD1GJ3Sk05Eg=="
      },
      "Microsoft.Build.Framework": {
        "type": "Transitive",
        "resolved": "16.10.0",
        "contentHash": "uD2GUw3AYlFSpU42c/80DouuJL6w1Kb06q4FEjQhW/9wjhBwukgx13T5MPIpSvQ8ssahKINanHfMUL89EVQHgQ==",
        "dependencies": {
          "System.Security.Permissions": "4.7.0"
        }
      },
      "Microsoft.Build.Locator": {
        "type": "Transitive",
        "resolved": "1.5.5",
        "contentHash": "ZuXb72Shd0kiNyVx+R9x8b51cvIdtZRt6V5O5jbtl7+p6j+q9wNgU69qGp1Rmtq9/yPyqvd39tW4xQJvb/LLSA=="
      },
      "Microsoft.CodeAnalysis.Analyzers": {
        "type": "Transitive",
        "resolved": "3.3.4",
        "contentHash": "AxkxcPR+rheX0SmvpLVIGLhOUXAKG56a64kV9VQZ4y9gR9ZmPXnqZvHJnmwLSwzrEP6junUF11vuc+aqo5r68g=="
      },
      "Microsoft.CodeAnalysis.Common": {
        "type": "Transitive",
        "resolved": "4.8.0",
        "contentHash": "/jR+e/9aT+BApoQJABlVCKnnggGQbvGh7BKq2/wI1LamxC+LbzhcLj4Vj7gXCofl1n4E521YfF9w0WcASGg/KA==",
        "dependencies": {
          "Microsoft.CodeAnalysis.Analyzers": "3.3.4",
          "System.Collections.Immutable": "7.0.0",
          "System.Reflection.Metadata": "7.0.0",
          "System.Runtime.CompilerServices.Unsafe": "6.0.0"
        }
      },
      "Microsoft.CodeAnalysis.CSharp": {
        "type": "Transitive",
        "resolved": "4.8.0",
        "contentHash": "+3+qfdb/aaGD8PZRCrsdobbzGs1m9u119SkkJt8e/mk3xLJz/udLtS2T6nY27OTXxBBw10HzAbC8Z9w08VyP/g==",
        "dependencies": {
          "Microsoft.CodeAnalysis.Common": "[4.8.0]"
        }
      },
      "Microsoft.CodeAnalysis.CSharp.Workspaces": {
        "type": "Transitive",
        "resolved": "4.8.0",
        "contentHash": "3amm4tq4Lo8/BGvg9p3BJh3S9nKq2wqCXfS7138i69TUpo/bD+XvD0hNurpEBtcNZhi1FyutiomKJqVF39ugYA==",
        "dependencies": {
          "Humanizer.Core": "2.14.1",
          "Microsoft.CodeAnalysis.CSharp": "[4.8.0]",
          "Microsoft.CodeAnalysis.Common": "[4.8.0]",
          "Microsoft.CodeAnalysis.Workspaces.Common": "[4.8.0]"
        }
      },
      "Microsoft.CodeAnalysis.Workspaces.Common": {
        "type": "Transitive",
        "resolved": "4.8.0",
        "contentHash": "LXyV+MJKsKRu3FGJA3OmSk40OUIa/dQCFLOnm5X8MNcujx7hzGu8o+zjXlb/cy5xUdZK2UKYb9YaQ2E8m9QehQ==",
        "dependencies": {
          "Humanizer.Core": "2.14.1",
          "Microsoft.Bcl.AsyncInterfaces": "7.0.0",
          "Microsoft.CodeAnalysis.Common": "[4.8.0]",
          "System.Composition": "7.0.0",
          "System.IO.Pipelines": "7.0.0",
          "System.Threading.Channels": "7.0.0"
        }
      },
      "Microsoft.CodeAnalysis.Workspaces.MSBuild": {
        "type": "Transitive",
        "resolved": "4.8.0",
        "contentHash": "IEYreI82QZKklp54yPHxZNG9EKSK6nHEkeuf+0Asie9llgS1gp0V1hw7ODG+QyoB7MuAnNQHmeV1Per/ECpv6A==",
        "dependencies": {
          "Microsoft.Build.Framework": "16.10.0",
          "Microsoft.CodeAnalysis.Common": "[4.8.0]",
          "Microsoft.CodeAnalysis.Workspaces.Common": "[4.8.0]",
          "System.Text.Json": "7.0.3"
        }
      },
      "Microsoft.CSharp": {
        "type": "Transitive",
        "resolved": "4.5.0",
        "contentHash": "kaj6Wb4qoMuH3HySFJhxwQfe8R/sJsNJnANrvv8WdFPMoNbKY5htfNscv+LHCu5ipz+49m2e+WQXpLXr9XYemQ=="
      },
      "Microsoft.Data.SqlClient": {
        "type": "Transitive",
        "resolved": "5.2.1",
        "contentHash": "ojg2XWmih4ubPPtrhRqqXk0SM6wC2ZSTkNNEAlYBhMo4IsRHjLazFc0abzcZCNfw1JyWcqY7vGutWTv8ZaFD9g==",
        "dependencies": {
          "Azure.Identity": "1.11.3",
          "Microsoft.Data.SqlClient.SNI.runtime": "5.2.0",
          "Microsoft.Identity.Client": "4.60.3",
          "Microsoft.IdentityModel.JsonWebTokens": "6.35.0",
          "Microsoft.IdentityModel.Protocols.OpenIdConnect": "6.35.0",
          "Microsoft.SqlServer.Server": "1.0.0",
          "System.Configuration.ConfigurationManager": "8.0.0",
          "System.Runtime.Caching": "8.0.0"
        }
      },
      "Microsoft.Data.SqlClient.SNI.runtime": {
        "type": "Transitive",
        "resolved": "5.2.0",
        "contentHash": "po1jhvFd+8pbfvJR/puh+fkHi0GRanAdvayh/0e47yaM6CXWZ6opUjCMFuYlAnD2LcbyvQE7fPJKvogmaUcN+w=="
      },
      "Microsoft.EntityFrameworkCore.Abstractions": {
        "type": "Transitive",
        "resolved": "9.0.0-preview.7.24405.3",
        "contentHash": "nRFtwss/Z5cahhNCQVyk3PgGHzAR7OnNgQb+qFWT2uD2rRy7nDT7CtBQqtkxW2Rnpm/4CsCUC3h0PJy4k3dXag=="
      },
      "Microsoft.EntityFrameworkCore.Analyzers": {
        "type": "Transitive",
        "resolved": "9.0.0-preview.7.24405.3",
        "contentHash": "rQRIZSHM1aCHs8+hqVW2+9+69q6eKgBlhLNGHGrpWEcNc1vUZV3XnNRjj92hGrl3pXYeh2Ge8GvrUo8Akmf09Q=="
      },
      "Microsoft.EntityFrameworkCore.Relational": {
        "type": "Transitive",
        "resolved": "9.0.0-preview.7.24405.3",
        "contentHash": "s6J1AyS8AGhdhc9CvPe45qzqEHTOlw+y8+GvDC9GY/kx2x2xFD87924iqm6MjmVwFnfZGlqxKzaA47voHaLhXw==",
        "dependencies": {
          "Microsoft.EntityFrameworkCore": "9.0.0-preview.7.24405.3",
          "Microsoft.Extensions.Configuration.Abstractions": "9.0.0-preview.7.24405.7"
        }
      },
      "Microsoft.Extensions.ApiDescription.Server": {
        "type": "Transitive",
        "resolved": "6.0.5",
        "contentHash": "Ckb5EDBUNJdFWyajfXzUIMRkhf52fHZOQuuZg/oiu8y7zDCVwD0iHhew6MnThjHmevanpxL3f5ci2TtHQEN6bw=="
      },
      "Microsoft.Extensions.Caching.Abstractions": {
        "type": "Transitive",
        "resolved": "9.0.0-preview.7.24405.7",
        "contentHash": "eDwfpQAsiJH3OUA6nra1n0YLZJ8kkSYPpuHTaXCBzdVLNwKXsfBogSc5BlbufNRZAqgcJl5Xxz/U07JNNRkdqQ==",
        "dependencies": {
          "Microsoft.Extensions.Primitives": "9.0.0-preview.7.24405.7"
        }
      },
      "Microsoft.Extensions.Caching.Memory": {
        "type": "Transitive",
        "resolved": "9.0.0-preview.7.24405.7",
        "contentHash": "kbAMdUpCCGT474czJC6tdqOhmEk2Rw+49sW35vVy3hhwJNFBN0eWuZTPxqwgS2Lw+GCny1iFZZKoIHDNPmYNRQ==",
        "dependencies": {
          "Microsoft.Extensions.Caching.Abstractions": "9.0.0-preview.7.24405.7",
          "Microsoft.Extensions.DependencyInjection.Abstractions": "9.0.0-preview.7.24405.7",
          "Microsoft.Extensions.Logging.Abstractions": "9.0.0-preview.7.24405.7",
          "Microsoft.Extensions.Options": "9.0.0-preview.7.24405.7",
          "Microsoft.Extensions.Primitives": "9.0.0-preview.7.24405.7"
        }
      },
      "Microsoft.Extensions.Configuration": {
        "type": "Transitive",
        "resolved": "8.0.0",
        "contentHash": "0J/9YNXTMWSZP2p2+nvl8p71zpSwokZXZuJW+VjdErkegAnFdO1XlqtA62SJtgVYHdKu3uPxJHcMR/r35HwFBA==",
        "dependencies": {
          "Microsoft.Extensions.Configuration.Abstractions": "8.0.0",
          "Microsoft.Extensions.Primitives": "8.0.0"
        }
      },
      "Microsoft.Extensions.Configuration.Abstractions": {
        "type": "Transitive",
        "resolved": "9.0.0-preview.7.24405.7",
        "contentHash": "js6hxltWDt6xiLuNifDZ8EShtPf9z0XW7ztUPQduSSpbctqbtCwifEDZdL+lUy72aQ1lKGl8hNHiI0Xygwc29Q==",
        "dependencies": {
          "Microsoft.Extensions.Primitives": "9.0.0-preview.7.24405.7"
        }
      },
      "Microsoft.Extensions.Configuration.Binder": {
        "type": "Transitive",
        "resolved": "8.0.0",
        "contentHash": "mBMoXLsr5s1y2zOHWmKsE9veDcx8h1x/c3rz4baEdQKTeDcmQAPNbB54Pi/lhFO3K431eEq6PFbMgLaa6PHFfA==",
        "dependencies": {
          "Microsoft.Extensions.Configuration.Abstractions": "8.0.0"
        }
      },
      "Microsoft.Extensions.DependencyInjection.Abstractions": {
        "type": "Transitive",
        "resolved": "9.0.0-preview.7.24405.7",
        "contentHash": "ZuoB/44UTW4IbYfHk0yHtZH9LdHkfEeclxvniWs90T+f9x/NQtN4556iNIKar3MASCcrD0n2AE5y/Kv6buuNIA=="
      },
      "Microsoft.Extensions.DependencyModel": {
        "type": "Transitive",
        "resolved": "9.0.0-preview.7.24405.7",
        "contentHash": "I7MHRgXFzXaZjwjxW7DtJ7oz8cc/pgjxYVwbxxbe7OSwyizE1xYxbZmkj9YIzp2Sdz80CTuxAfaFg3aD6c5MAA==",
        "dependencies": {
          "System.Text.Encodings.Web": "9.0.0-preview.7.24405.7",
          "System.Text.Json": "9.0.0-preview.7.24405.7"
        }
      },
      "Microsoft.Extensions.Diagnostics.Abstractions": {
        "type": "Transitive",
        "resolved": "8.0.0",
        "contentHash": "JHYCQG7HmugNYUhOl368g+NMxYE/N/AiclCYRNlgCY9eVyiBkOHMwK4x60RYMxv9EL3+rmj1mqHvdCiPpC+D4Q==",
        "dependencies": {
          "Microsoft.Extensions.DependencyInjection.Abstractions": "8.0.0",
          "Microsoft.Extensions.Options": "8.0.0",
          "System.Diagnostics.DiagnosticSource": "8.0.0"
        }
      },
      "Microsoft.Extensions.FileProviders.Abstractions": {
        "type": "Transitive",
        "resolved": "8.0.0",
        "contentHash": "ZbaMlhJlpisjuWbvXr4LdAst/1XxH3vZ6A0BsgTphZ2L4PGuxRLz7Jr/S7mkAAnOn78Vu0fKhEgNF5JO3zfjqQ==",
        "dependencies": {
          "Microsoft.Extensions.Primitives": "8.0.0"
        }
      },
      "Microsoft.Extensions.Hosting.Abstractions": {
        "type": "Transitive",
        "resolved": "8.0.0",
        "contentHash": "AG7HWwVRdCHlaA++1oKDxLsXIBxmDpMPb3VoyOoAghEWnkUvEAdYQUwnV4jJbAaa/nMYNiEh5ByoLauZBEiovg==",
        "dependencies": {
          "Microsoft.Extensions.Configuration.Abstractions": "8.0.0",
          "Microsoft.Extensions.DependencyInjection.Abstractions": "8.0.0",
          "Microsoft.Extensions.Diagnostics.Abstractions": "8.0.0",
          "Microsoft.Extensions.FileProviders.Abstractions": "8.0.0",
          "Microsoft.Extensions.Logging.Abstractions": "8.0.0"
        }
      },
      "Microsoft.Extensions.Logging": {
        "type": "Transitive",
        "resolved": "9.0.0-preview.7.24405.7",
        "contentHash": "2BLC0dvJjwtZGzdK1O/FttLpsVwSmaajxbcEuLfj9E6iYCYEEi69iMnvhBbzUreFJ6ewp1KcqLQ2BgZ9FQRCXw==",
        "dependencies": {
          "Microsoft.Extensions.DependencyInjection": "9.0.0-preview.7.24405.7",
          "Microsoft.Extensions.Logging.Abstractions": "9.0.0-preview.7.24405.7",
          "Microsoft.Extensions.Options": "9.0.0-preview.7.24405.7"
        }
      },
      "Microsoft.Extensions.Logging.Abstractions": {
        "type": "Transitive",
        "resolved": "9.0.0-preview.7.24405.7",
        "contentHash": "WFzKiQ5cfQruJgK4vQEklG5Wwiu/Wt+T+eP80AGzzCq9iVgbOo7O1VC9amyO+Bw5WERAt1Yzfye0I0+wVSLhKA==",
        "dependencies": {
          "Microsoft.Extensions.DependencyInjection.Abstractions": "9.0.0-preview.7.24405.7",
          "System.Diagnostics.DiagnosticSource": "9.0.0-preview.7.24405.7"
        }
      },
      "Microsoft.Extensions.Logging.Configuration": {
        "type": "Transitive",
        "resolved": "8.0.0",
        "contentHash": "ixXXV0G/12g6MXK65TLngYN9V5hQQRuV+fZi882WIoVJT7h5JvoYoxTEwCgdqwLjSneqh1O+66gM8sMr9z/rsQ==",
        "dependencies": {
          "Microsoft.Extensions.Configuration": "8.0.0",
          "Microsoft.Extensions.Configuration.Abstractions": "8.0.0",
          "Microsoft.Extensions.Configuration.Binder": "8.0.0",
          "Microsoft.Extensions.DependencyInjection.Abstractions": "8.0.0",
          "Microsoft.Extensions.Logging": "8.0.0",
          "Microsoft.Extensions.Logging.Abstractions": "8.0.0",
          "Microsoft.Extensions.Options": "8.0.0",
          "Microsoft.Extensions.Options.ConfigurationExtensions": "8.0.0"
        }
      },
      "Microsoft.Extensions.Options": {
        "type": "Transitive",
        "resolved": "9.0.0-preview.7.24405.7",
        "contentHash": "2Nx6IYXoDv8DdXe0TlmPb3h67TZD+XPeydZxk6MxC30GROYG+RWEaXLGHNDnEJPmii582GcEwkMaMZpZMa4UgA==",
        "dependencies": {
          "Microsoft.Extensions.DependencyInjection.Abstractions": "9.0.0-preview.7.24405.7",
          "Microsoft.Extensions.Primitives": "9.0.0-preview.7.24405.7"
        }
      },
      "Microsoft.Extensions.Options.ConfigurationExtensions": {
        "type": "Transitive",
        "resolved": "8.0.0",
        "contentHash": "0f4DMRqEd50zQh+UyJc+/HiBsZ3vhAQALgdkcQEalSH1L2isdC7Yj54M3cyo5e+BeO5fcBQ7Dxly8XiBBcvRgw==",
        "dependencies": {
          "Microsoft.Extensions.Configuration.Abstractions": "8.0.0",
          "Microsoft.Extensions.Configuration.Binder": "8.0.0",
          "Microsoft.Extensions.DependencyInjection.Abstractions": "8.0.0",
          "Microsoft.Extensions.Options": "8.0.0",
          "Microsoft.Extensions.Primitives": "8.0.0"
        }
      },
      "Microsoft.Extensions.Primitives": {
        "type": "Transitive",
        "resolved": "9.0.0-preview.7.24405.7",
        "contentHash": "CsC3tAnJFsrXwhiUQzP3hlFGLEUC5DEE8WPxhe/j96h6/xD5U8Kpx/hQ0OwWbkNg1BX00Nf7qXbYV268G18cIQ=="
      },
      "Microsoft.Identity.Client": {
        "type": "Transitive",
        "resolved": "4.60.3",
        "contentHash": "jve1RzmSpBhGlqMzPva6VfRbLMLZZc1Q8WRVZf8+iEruQkBgDTJPq8OeTehcY4GGYG1j6UB1xVofVE+n4BLDdw==",
        "dependencies": {
          "Microsoft.IdentityModel.Abstractions": "6.35.0",
          "System.Diagnostics.DiagnosticSource": "6.0.1"
        }
      },
      "Microsoft.Identity.Client.Extensions.Msal": {
        "type": "Transitive",
        "resolved": "4.60.3",
        "contentHash": "X1Cz14/RbmlLshusE5u2zfG+5ul6ttgou19BZe5Mdw1qm6fgOI9/imBB2TIsx2UD7nkgd2+MCSzhbukZf7udeg==",
        "dependencies": {
          "Microsoft.Identity.Client": "4.60.3",
          "System.Security.Cryptography.ProtectedData": "4.5.0"
        }
      },
      "Microsoft.IdentityModel.Abstractions": {
        "type": "Transitive",
        "resolved": "6.35.0",
        "contentHash": "xuR8E4Rd96M41CnUSCiOJ2DBh+z+zQSmyrYHdYhD6K4fXBcQGVnRCFQ0efROUYpP+p0zC1BLKr0JRpVuujTZSg=="
      },
      "Microsoft.IdentityModel.JsonWebTokens": {
        "type": "Transitive",
        "resolved": "6.35.0",
        "contentHash": "9wxai3hKgZUb4/NjdRKfQd0QJvtXKDlvmGMYACbEC8DFaicMFCFhQFZq9ZET1kJLwZahf2lfY5Gtcpsx8zYzbg==",
        "dependencies": {
          "Microsoft.IdentityModel.Tokens": "6.35.0",
          "System.Text.Encoding": "4.3.0",
          "System.Text.Encodings.Web": "4.7.2",
          "System.Text.Json": "4.7.2"
        }
      },
      "Microsoft.IdentityModel.Logging": {
        "type": "Transitive",
        "resolved": "6.35.0",
        "contentHash": "jePrSfGAmqT81JDCNSY+fxVWoGuJKt9e6eJ+vT7+quVS55nWl//jGjUQn4eFtVKt4rt5dXaleZdHRB9J9AJZ7Q==",
        "dependencies": {
          "Microsoft.IdentityModel.Abstractions": "6.35.0"
        }
      },
      "Microsoft.IdentityModel.Protocols": {
        "type": "Transitive",
        "resolved": "6.35.0",
        "contentHash": "BPQhlDzdFvv1PzaUxNSk+VEPwezlDEVADIKmyxubw7IiELK18uJ06RQ9QKKkds30XI+gDu9n8j24XQ8w7fjWcg==",
        "dependencies": {
          "Microsoft.IdentityModel.Logging": "6.35.0",
          "Microsoft.IdentityModel.Tokens": "6.35.0"
        }
      },
      "Microsoft.IdentityModel.Protocols.OpenIdConnect": {
        "type": "Transitive",
        "resolved": "6.35.0",
        "contentHash": "LMtVqnECCCdSmyFoCOxIE5tXQqkOLrvGrL7OxHg41DIm1bpWtaCdGyVcTAfOQpJXvzND9zUKIN/lhngPkYR8vg==",
        "dependencies": {
          "Microsoft.IdentityModel.Protocols": "6.35.0",
          "System.IdentityModel.Tokens.Jwt": "6.35.0"
        }
      },
      "Microsoft.IdentityModel.Tokens": {
        "type": "Transitive",
        "resolved": "6.35.0",
        "contentHash": "RN7lvp7s3Boucg1NaNAbqDbxtlLj5Qeb+4uSS1TeK5FSBVM40P4DKaTKChT43sHyKfh7V0zkrMph6DdHvyA4bg==",
        "dependencies": {
          "Microsoft.CSharp": "4.5.0",
          "Microsoft.IdentityModel.Logging": "6.35.0",
          "System.Security.Cryptography.Cng": "4.5.0"
        }
      },
      "Microsoft.NETCore.Platforms": {
        "type": "Transitive",
        "resolved": "3.1.0",
        "contentHash": "z7aeg8oHln2CuNulfhiLYxCVMPEwBl3rzicjvIX+4sUuCwvXw5oXQEtbiU2c0z4qYL5L3Kmx0mMA/+t/SbY67w=="
      },
      "Microsoft.NETCore.Targets": {
        "type": "Transitive",
        "resolved": "1.1.0",
        "contentHash": "aOZA3BWfz9RXjpzt0sRJJMjAscAUm3Hoa4UWAfceV9UTYxgwZ1lZt5nO2myFf+/jetYQo4uTP7zS8sJY67BBxg=="
      },
      "Microsoft.OpenApi": {
        "type": "Transitive",
        "resolved": "1.2.3",
        "contentHash": "Nug3rO+7Kl5/SBAadzSMAVgqDlfGjJZ0GenQrLywJ84XGKO0uRqkunz5Wyl0SDwcR71bAATXvSdbdzPrYRYKGw=="
      },
      "Microsoft.SqlServer.Server": {
        "type": "Transitive",
        "resolved": "1.0.0",
        "contentHash": "N4KeF3cpcm1PUHym1RmakkzfkEv3GRMyofVv40uXsQhCQeglr2OHNcUk2WOG51AKpGO8ynGpo9M/kFXSzghwug=="
      },
      "Microsoft.Win32.SystemEvents": {
        "type": "Transitive",
        "resolved": "4.7.0",
        "contentHash": "mtVirZr++rq+XCDITMUdnETD59XoeMxSpLRIII7JRI6Yj0LEDiO1pPn0ktlnIj12Ix8bfvQqQDMMIF9wC98oCA==",
        "dependencies": {
          "Microsoft.NETCore.Platforms": "3.1.0"
        }
      },
      "Mono.TextTemplating": {
        "type": "Transitive",
        "resolved": "3.0.0-preview-0052-g5d0f76c785",
        "contentHash": "VP/+5Djwzv/Ves5kbuzWENNMh7COnXSDVKgAuljvyoX49T/72lXkzzAorpXQNx812lD/MxUqpO8GVyizEO+7OA==",
        "dependencies": {
          "System.CodeDom": "6.0.0"
        }
      },
      "OpenTelemetry": {
        "type": "Transitive",
        "resolved": "1.8.1",
        "contentHash": "70pb4YyPJnoV3vZOxpusEzBqgY6NyLwyruhas5d3bUO10GnldRWGE8DF4UusbinxnTLOpSmNzsaOb5R1v+Mt0g==",
        "dependencies": {
          "Microsoft.Extensions.Diagnostics.Abstractions": "8.0.0",
          "Microsoft.Extensions.Logging.Configuration": "8.0.0",
          "OpenTelemetry.Api.ProviderBuilderExtensions": "1.8.1"
        }
      },
      "OpenTelemetry.Api": {
        "type": "Transitive",
        "resolved": "1.8.1",
        "contentHash": "QCwCJp/ndXzlTBiTJjcpkpi4tntv1qSRJMXv0YNKcptE/FRMufiIA7IWTegS7C1/r3YQQwGiwdHARcZcS41JMw==",
        "dependencies": {
          "System.Diagnostics.DiagnosticSource": "8.0.0"
        }
      },
      "OpenTelemetry.Api.ProviderBuilderExtensions": {
        "type": "Transitive",
        "resolved": "1.8.1",
        "contentHash": "/M1vkPg2i2UpnHMlV8kFS4ct9O2cg3C+KVgPI/6G/tp99AzwGIvZZv0NswnjKBqis/Lr9Lv2eeF1yvG1KpBP/w==",
        "dependencies": {
          "Microsoft.Extensions.DependencyInjection.Abstractions": "8.0.0",
          "OpenTelemetry.Api": "1.8.1"
        }
      },
      "OpenTelemetry.Extensions.Hosting": {
        "type": "Transitive",
        "resolved": "1.8.1",
        "contentHash": "vAiiKFPGDUkCUu+edSZf95n33AC7VdynDG+wF+KolTQL+8YphlvQ5wn06PDegD0CJVqk8imwqN+LCb/JjsGxKA==",
        "dependencies": {
          "Microsoft.Extensions.Hosting.Abstractions": "8.0.0",
          "OpenTelemetry": "1.8.1"
        }
      },
      "OpenTelemetry.Instrumentation.AspNetCore": {
        "type": "Transitive",
        "resolved": "1.8.1",
        "contentHash": "dRb1LEXSH95LGEubk96kYyBmGuny9/qycH9KqL8FXcOv446Xi53EW56TVE4wTMv4HPfn+rL3B9pPQ5RX7zD4Yw==",
        "dependencies": {
          "OpenTelemetry.Api.ProviderBuilderExtensions": "1.8.0"
        }
      },
      "OpenTelemetry.Instrumentation.Http": {
        "type": "Transitive",
        "resolved": "1.8.1",
        "contentHash": "l1KaO1U+v11X/kfZ8tcONc5l1qoP6nPk6yPrXBJNH0Wb6NEBTdEgI1dtJBbqOnjOrI2XS09le0ZGooh9ZVkZ3Q==",
        "dependencies": {
          "Microsoft.Extensions.Configuration": "8.0.0",
          "Microsoft.Extensions.Options": "8.0.0",
          "OpenTelemetry.Api.ProviderBuilderExtensions": "1.8.0"
        }
      },
      "OpenTelemetry.PersistentStorage.Abstractions": {
        "type": "Transitive",
        "resolved": "1.0.0",
        "contentHash": "7ZtgGFPCovixOwJ+azTsMTkadM5u1SPYRKOXqYz0jWNbrzVGJmvktLr7eS4ncwcve86BW9nAZW++vjdfIXyt7g=="
      },
      "OpenTelemetry.PersistentStorage.FileSystem": {
        "type": "Transitive",
        "resolved": "1.0.0",
        "contentHash": "MBz/D9Lo2tKfVMmk5tPVQ1RwiWL+if4b6wv7KJOeBmio5lv0twRLAQxkBHfnLpcf66oWAQS6AaFykmn1Atww1Q==",
        "dependencies": {
          "OpenTelemetry.PersistentStorage.Abstractions": "1.0.0"
        }
      },
      "Swashbuckle.AspNetCore.Swagger": {
        "type": "Transitive",
        "resolved": "6.4.0",
        "contentHash": "nl4SBgGM+cmthUcpwO/w1lUjevdDHAqRvfUoe4Xp/Uvuzt9mzGUwyFCqa3ODBAcZYBiFoKvrYwz0rabslJvSmQ==",
        "dependencies": {
          "Microsoft.OpenApi": "1.2.3"
        }
      },
      "Swashbuckle.AspNetCore.SwaggerGen": {
        "type": "Transitive",
        "resolved": "6.4.0",
        "contentHash": "lXhcUBVqKrPFAQF7e/ZeDfb5PMgE8n5t6L5B6/BQSpiwxgHzmBcx8Msu42zLYFTvR5PIqE9Q9lZvSQAcwCxJjw==",
        "dependencies": {
          "Swashbuckle.AspNetCore.Swagger": "6.4.0"
        }
      },
      "Swashbuckle.AspNetCore.SwaggerUI": {
        "type": "Transitive",
        "resolved": "6.4.0",
        "contentHash": "1Hh3atb3pi8c+v7n4/3N80Jj8RvLOXgWxzix6w3OZhB7zBGRwsy7FWr4e3hwgPweSBpwfElqj4V4nkjYabH9nQ=="
      },
      "System.ClientModel": {
        "type": "Transitive",
        "resolved": "1.0.0",
        "contentHash": "I3CVkvxeqFYjIVEP59DnjbeoGNfo/+SZrCLpRz2v/g0gpCHaEMPtWSY0s9k/7jR1rAsLNg2z2u1JRB76tPjnIw==",
        "dependencies": {
          "System.Memory.Data": "1.0.2",
          "System.Text.Json": "4.7.2"
        }
      },
      "System.CodeDom": {
        "type": "Transitive",
        "resolved": "6.0.0",
        "contentHash": "CPc6tWO1LAer3IzfZufDBRL+UZQcj5uS207NHALQzP84Vp/z6wF0Aa0YZImOQY8iStY0A2zI/e3ihKNPfUm8XA=="
      },
      "System.Collections.Immutable": {
        "type": "Transitive",
        "resolved": "7.0.0",
        "contentHash": "dQPcs0U1IKnBdRDBkrCTi1FoajSTBzLcVTpjO4MBCMC7f4pDOIPzgBoX8JjG7X6uZRJ8EBxsi8+DR1JuwjnzOQ=="
      },
      "System.Composition": {
        "type": "Transitive",
        "resolved": "7.0.0",
        "contentHash": "tRwgcAkDd85O8Aq6zHDANzQaq380cek9lbMg5Qma46u5BZXq/G+XvIYmu+UI+BIIZ9zssXLYrkTykEqxxvhcmg==",
        "dependencies": {
          "System.Composition.AttributedModel": "7.0.0",
          "System.Composition.Convention": "7.0.0",
          "System.Composition.Hosting": "7.0.0",
          "System.Composition.Runtime": "7.0.0",
          "System.Composition.TypedParts": "7.0.0"
        }
      },
      "System.Composition.AttributedModel": {
        "type": "Transitive",
        "resolved": "7.0.0",
        "contentHash": "2QzClqjElKxgI1jK1Jztnq44/8DmSuTSGGahXqQ4TdEV0h9s2KikQZIgcEqVzR7OuWDFPGLHIprBJGQEPr8fAQ=="
      },
      "System.Composition.Convention": {
        "type": "Transitive",
        "resolved": "7.0.0",
        "contentHash": "IMhTlpCs4HmlD8B+J8/kWfwX7vrBBOs6xyjSTzBlYSs7W4OET4tlkR/Sg9NG8jkdJH9Mymq0qGdYS1VPqRTBnQ==",
        "dependencies": {
          "System.Composition.AttributedModel": "7.0.0"
        }
      },
      "System.Composition.Hosting": {
        "type": "Transitive",
        "resolved": "7.0.0",
        "contentHash": "eB6gwN9S+54jCTBJ5bpwMOVerKeUfGGTYCzz3QgDr1P55Gg/Wb27ShfPIhLMjmZ3MoAKu8uUSv6fcCdYJTN7Bg==",
        "dependencies": {
          "System.Composition.Runtime": "7.0.0"
        }
      },
      "System.Composition.Runtime": {
        "type": "Transitive",
        "resolved": "7.0.0",
        "contentHash": "aZJ1Zr5Txe925rbo4742XifEyW0MIni1eiUebmcrP3HwLXZ3IbXUj4MFMUH/RmnJOAQiS401leg/2Sz1MkApDw=="
      },
      "System.Composition.TypedParts": {
        "type": "Transitive",
        "resolved": "7.0.0",
        "contentHash": "ZK0KNPfbtxVceTwh+oHNGUOYV2WNOHReX2AXipuvkURC7s/jPwoWfsu3SnDBDgofqbiWr96geofdQ2erm/KTHg==",
        "dependencies": {
          "System.Composition.AttributedModel": "7.0.0",
          "System.Composition.Hosting": "7.0.0",
          "System.Composition.Runtime": "7.0.0"
        }
      },
      "System.Configuration.ConfigurationManager": {
        "type": "Transitive",
        "resolved": "8.0.0",
        "contentHash": "JlYi9XVvIREURRUlGMr1F6vOFLk7YSY4p1vHo4kX3tQ0AGrjqlRWHDi66ImHhy6qwXBG3BJ6Y1QlYQ+Qz6Xgww==",
        "dependencies": {
          "System.Diagnostics.EventLog": "8.0.0",
          "System.Security.Cryptography.ProtectedData": "8.0.0"
        }
      },
      "System.Diagnostics.DiagnosticSource": {
        "type": "Transitive",
        "resolved": "9.0.0-preview.7.24405.7",
        "contentHash": "aAM2ASxG7VL+BPIO4SgSnIkrFSkrgXff6oENeHJig2JDeQyo6HjoP5X6kSuMxUUOTLpHWVvoEnK1fJHJUtMItg=="
      },
      "System.Diagnostics.EventLog": {
        "type": "Transitive",
        "resolved": "8.0.0",
        "contentHash": "fdYxcRjQqTTacKId/2IECojlDSFvp7LP5N78+0z/xH7v/Tuw5ZAxu23Y6PTCRinqyu2ePx+Gn1098NC6jM6d+A=="
      },
      "System.Drawing.Common": {
        "type": "Transitive",
        "resolved": "4.7.0",
        "contentHash": "v+XbyYHaZjDfn0ENmJEV1VYLgGgCTx1gnfOBcppowbpOAriglYgGCvFCPr2EEZyBvXlpxbEsTwkOlInl107ahA==",
        "dependencies": {
          "Microsoft.NETCore.Platforms": "3.1.0",
          "Microsoft.Win32.SystemEvents": "4.7.0"
        }
      },
      "System.IdentityModel.Tokens.Jwt": {
        "type": "Transitive",
        "resolved": "6.35.0",
        "contentHash": "yxGIQd3BFK7F6S62/7RdZk3C/mfwyVxvh6ngd1VYMBmbJ1YZZA9+Ku6suylVtso0FjI0wbElpJ0d27CdsyLpBQ==",
        "dependencies": {
          "Microsoft.IdentityModel.JsonWebTokens": "6.35.0",
          "Microsoft.IdentityModel.Tokens": "6.35.0"
        }
      },
      "System.IO.Pipelines": {
        "type": "Transitive",
        "resolved": "9.0.0-preview.7.24405.7",
        "contentHash": "Ucbel9Qn222FZNK3HuAHSdYCa2ayYIY02vzbBh1K9NgJpOENyMjU4BUALGTelXq8c4e0EfOswkM5kPcytgsrAw=="
      },
      "System.Memory": {
        "type": "Transitive",
        "resolved": "4.5.4",
        "contentHash": "1MbJTHS1lZ4bS4FmsJjnuGJOu88ZzTT2rLvrhW7Ygic+pC0NWA+3hgAen0HRdsocuQXCkUTdFn9yHJJhsijDXw=="
      },
      "System.Memory.Data": {
        "type": "Transitive",
        "resolved": "1.0.2",
        "contentHash": "JGkzeqgBsiZwKJZ1IxPNsDFZDhUvuEdX8L8BDC8N3KOj+6zMcNU28CNN59TpZE/VJYy9cP+5M+sbxtWJx3/xtw==",
        "dependencies": {
          "System.Text.Encodings.Web": "4.7.2",
          "System.Text.Json": "4.6.0"
        }
      },
      "System.Numerics.Vectors": {
        "type": "Transitive",
        "resolved": "4.5.0",
        "contentHash": "QQTlPTl06J/iiDbJCiepZ4H//BVraReU4O4EoRw1U02H5TLUIT7xn3GnDp9AXPSlJUDyFs4uWjWafNX6WrAojQ=="
      },
      "System.Reflection.Metadata": {
        "type": "Transitive",
        "resolved": "7.0.0",
        "contentHash": "MclTG61lsD9sYdpNz9xsKBzjsmsfCtcMZYXz/IUr2zlhaTaABonlr1ESeompTgM+Xk+IwtGYU7/voh3YWB/fWw==",
        "dependencies": {
          "System.Collections.Immutable": "7.0.0"
        }
      },
      "System.Runtime": {
        "type": "Transitive",
        "resolved": "4.3.0",
        "contentHash": "JufQi0vPQ0xGnAczR13AUFglDyVYt4Kqnz1AZaiKZ5+GICq0/1MH/mO/eAJHt/mHW1zjKBJd7kV26SrxddAhiw==",
        "dependencies": {
          "Microsoft.NETCore.Platforms": "1.1.0",
          "Microsoft.NETCore.Targets": "1.1.0"
        }
      },
      "System.Runtime.Caching": {
        "type": "Transitive",
        "resolved": "8.0.0",
        "contentHash": "4TmlmvGp4kzZomm7J2HJn6IIx0UUrQyhBDyb5O1XiunZlQImXW+B8b7W/sTPcXhSf9rp5NR5aDtQllwbB5elOQ==",
        "dependencies": {
          "System.Configuration.ConfigurationManager": "8.0.0"
        }
      },
      "System.Runtime.CompilerServices.Unsafe": {
        "type": "Transitive",
        "resolved": "6.0.0",
        "contentHash": "/iUeP3tq1S0XdNNoMz5C9twLSrM/TH+qElHkXWaPvuNOt+99G75NrV0OS2EqHx5wMN7popYjpc8oTjC1y16DLg=="
      },
      "System.Security.AccessControl": {
        "type": "Transitive",
        "resolved": "4.7.0",
        "contentHash": "JECvTt5aFF3WT3gHpfofL2MNNP6v84sxtXxpqhLBCcDRzqsPBmHhQ6shv4DwwN2tRlzsUxtb3G9M3763rbXKDg==",
        "dependencies": {
          "Microsoft.NETCore.Platforms": "3.1.0",
          "System.Security.Principal.Windows": "4.7.0"
        }
      },
      "System.Security.Cryptography.Cng": {
        "type": "Transitive",
        "resolved": "4.5.0",
        "contentHash": "WG3r7EyjUe9CMPFSs6bty5doUqT+q9pbI80hlNzo2SkPkZ4VTuZkGWjpp77JB8+uaL4DFPRdBsAY+DX3dBK92A=="
      },
      "System.Security.Cryptography.ProtectedData": {
        "type": "Transitive",
        "resolved": "8.0.0",
        "contentHash": "+TUFINV2q2ifyXauQXRwy4CiBhqvDEDZeVJU7qfxya4aRYOKzVBpN+4acx25VcPB9ywUN6C0n8drWl110PhZEg=="
      },
      "System.Security.Permissions": {
        "type": "Transitive",
        "resolved": "4.7.0",
        "contentHash": "dkOV6YYVBnYRa15/yv004eCGRBVADXw8qRbbNiCn/XpdJSUXkkUeIvdvFHkvnko4CdKMqG8yRHC4ox83LSlMsQ==",
        "dependencies": {
          "System.Security.AccessControl": "4.7.0",
          "System.Windows.Extensions": "4.7.0"
        }
      },
      "System.Security.Principal.Windows": {
        "type": "Transitive",
        "resolved": "4.7.0",
        "contentHash": "ojD0PX0XhneCsUbAZVKdb7h/70vyYMDYs85lwEI+LngEONe/17A0cFaRFqZU+sOEidcVswYWikYOQ9PPfjlbtQ=="
      },
      "System.Text.Encoding": {
        "type": "Transitive",
        "resolved": "4.3.0",
        "contentHash": "BiIg+KWaSDOITze6jGQynxg64naAPtqGHBwDrLaCtixsa5bKiR8dpPOHA7ge3C0JJQizJE+sfkz1wV+BAKAYZw==",
        "dependencies": {
          "Microsoft.NETCore.Platforms": "1.1.0",
          "Microsoft.NETCore.Targets": "1.1.0",
          "System.Runtime": "4.3.0"
        }
      },
      "System.Text.Encodings.Web": {
        "type": "Transitive",
        "resolved": "9.0.0-preview.7.24405.7",
        "contentHash": "zrapRzQMn0vnk7Ztk8RtJwu4vG1RoOkO0ZozBppgsrfn9JM03E1cT3oUqbvDCtLHxyvu20W25H+0xdYVPeGgxg=="
      },
      "System.Text.Json": {
        "type": "Transitive",
        "resolved": "9.0.0-preview.7.24405.7",
        "contentHash": "yyyDS4GQyWiBNfvZW+67j/77dGR/iFWbKD1EfXaUw0XSuT98s2ONG0UqigFF+sJC6L40ef9SonQadYOGCoKrfA==",
        "dependencies": {
          "System.IO.Pipelines": "9.0.0-preview.7.24405.7",
          "System.Text.Encodings.Web": "9.0.0-preview.7.24405.7"
        }
      },
      "System.Threading.Channels": {
        "type": "Transitive",
        "resolved": "7.0.0",
        "contentHash": "qmeeYNROMsONF6ndEZcIQ+VxR4Q/TX/7uIVLJqtwIWL7dDWeh0l1UIqgo4wYyjG//5lUNhwkLDSFl+pAWO6oiA=="
      },
      "System.Threading.Tasks.Extensions": {
        "type": "Transitive",
        "resolved": "4.5.4",
        "contentHash": "zteT+G8xuGu6mS+mzDzYXbzS7rd3K6Fjb9RiZlYlJPam2/hU7JCBZBVEcywNuR+oZ1ncTvc/cq0faRr3P01OVg=="
      },
      "System.Windows.Extensions": {
        "type": "Transitive",
        "resolved": "4.7.0",
        "contentHash": "CeWTdRNfRaSh0pm2gDTJFwVaXfTq6Xwv/sA887iwPTneW7oMtMlpvDIO+U60+3GWTB7Aom6oQwv5VZVUhQRdPQ==",
        "dependencies": {
          "System.Drawing.Common": "4.7.0"
        }
      }
    }
  }
}